// !$*UTF8*$!
{
	archiveVersion = 1;
	classes = {
	};
	objectVersion = 56;
	objects = {

/* Begin PBXBuildFile section */
		D699E4B02C3CF5EB000CDC75 /* AppDelegate.m in Sources */ = {isa = PBXBuildFile; fileRef = D699E4AF2C3CF5EB000CDC75 /* AppDelegate.m */; };
		D699E4B32C3CF5EB000CDC75 /* SceneDelegate.m in Sources */ = {isa = PBXBuildFile; fileRef = D699E4B22C3CF5EB000CDC75 /* SceneDelegate.m */; };
		D699E4B62C3CF5EB000CDC75 /* ViewController.m in Sources */ = {isa = PBXBuildFile; fileRef = D699E4B52C3CF5EB000CDC75 /* ViewController.m */; };
		D699E4B92C3CF5EB000CDC75 /* Base in Resources */ = {isa = PBXBuildFile; fileRef = D699E4B82C3CF5EB000CDC75 /* Base */; };
		D699E4BB2C3CF5EC000CDC75 /* Assets.xcassets in Resources */ = {isa = PBXBuildFile; fileRef = D699E4BA2C3CF5EC000CDC75 /* Assets.xcassets */; };
		D699E4BE2C3CF5EC000CDC75 /* Base in Resources */ = {isa = PBXBuildFile; fileRef = D699E4BD2C3CF5EC000CDC75 /* Base */; };
		D699E4C12C3CF5EC000CDC75 /* main.m in Sources */ = {isa = PBXBuildFile; fileRef = D699E4C02C3CF5EC000CDC75 /* main.m */; };
		D699E4CB2C3CF5EC000CDC75 /* ObjectiveCChessKnightTests.m in Sources */ = {isa = PBXBuildFile; fileRef = D699E4CA2C3CF5EC000CDC75 /* ObjectiveCChessKnightTests.m */; };
		D699E4D52C3CF5ED000CDC75 /* ObjectiveCChessKnightUITests.m in Sources */ = {isa = PBXBuildFile; fileRef = D699E4D42C3CF5ED000CDC75 /* ObjectiveCChessKnightUITests.m */; };
		D699E4D72C3CF5ED000CDC75 /* ObjectiveCChessKnightUITestsLaunchTests.m in Sources */ = {isa = PBXBuildFile; fileRef = D699E4D62C3CF5ED000CDC75 /* ObjectiveCChessKnightUITestsLaunchTests.m */; };
		D699E4E62C3CF609000CDC75 /* Stack.m in Sources */ = {isa = PBXBuildFile; fileRef = D699E4E52C3CF609000CDC75 /* Stack.m */; };
		D699E4EA2C3CF65B000CDC75 /* ExtraCell.m in Sources */ = {isa = PBXBuildFile; fileRef = D699E4E92C3CF65B000CDC75 /* ExtraCell.m */; };
		D699E4ED2C3CF6BC000CDC75 /* ChessCell.m in Sources */ = {isa = PBXBuildFile; fileRef = D699E4EC2C3CF6BC000CDC75 /* ChessCell.m */; };
		D699E4F02C3CF73A000CDC75 /* PathChess.m in Sources */ = {isa = PBXBuildFile; fileRef = D699E4EF2C3CF73A000CDC75 /* PathChess.m */; };
		D699E4F32C3CF7B2000CDC75 /* Coordinate.m in Sources */ = {isa = PBXBuildFile; fileRef = D699E4F22C3CF7B2000CDC75 /* Coordinate.m */; };
		D699E4F62C3CF803000CDC75 /* Knight.m in Sources */ = {isa = PBXBuildFile; fileRef = D699E4F52C3CF803000CDC75 /* Knight.m */; };
		D699E4F92C3CFAAA000CDC75 /* Game.m in Sources */ = {isa = PBXBuildFile; fileRef = D699E4F82C3CFAAA000CDC75 /* Game.m */; };
		D699E4FC2C3CFB0E000CDC75 /* Engine.m in Sources */ = {isa = PBXBuildFile; fileRef = D699E4FB2C3CFB0E000CDC75 /* Engine.m */; };
		D699E5032C3D02F5000CDC75 /* Chessboard.m in Sources */ = {isa = PBXBuildFile; fileRef = D699E5022C3D02F5000CDC75 /* Chessboard.m */; };
/* End PBXBuildFile section */

/* Begin PBXContainerItemProxy section */
		D699E4C72C3CF5EC000CDC75 /* PBXContainerItemProxy */ = {
			isa = PBXContainerItemProxy;
			containerPortal = D699E4A32C3CF5EB000CDC75 /* Project object */;
			proxyType = 1;
			remoteGlobalIDString = D699E4AA2C3CF5EB000CDC75;
			remoteInfo = ObjectiveCChessKnight;
		};
		D699E4D12C3CF5EC000CDC75 /* PBXContainerItemProxy */ = {
			isa = PBXContainerItemProxy;
			containerPortal = D699E4A32C3CF5EB000CDC75 /* Project object */;
			proxyType = 1;
			remoteGlobalIDString = D699E4AA2C3CF5EB000CDC75;
			remoteInfo = ObjectiveCChessKnight;
		};
/* End PBXContainerItemProxy section */

/* Begin PBXFileReference section */
		D699E4AB2C3CF5EB000CDC75 /* ObjectiveCChessKnight.app */ = {isa = PBXFileReference; explicitFileType = wrapper.application; includeInIndex = 0; path = ObjectiveCChessKnight.app; sourceTree = BUILT_PRODUCTS_DIR; };
		D699E4AE2C3CF5EB000CDC75 /* AppDelegate.h */ = {isa = PBXFileReference; lastKnownFileType = sourcecode.c.h; path = AppDelegate.h; sourceTree = "<group>"; };
		D699E4AF2C3CF5EB000CDC75 /* AppDelegate.m */ = {isa = PBXFileReference; lastKnownFileType = sourcecode.c.objc; path = AppDelegate.m; sourceTree = "<group>"; };
		D699E4B12C3CF5EB000CDC75 /* SceneDelegate.h */ = {isa = PBXFileReference; lastKnownFileType = sourcecode.c.h; path = SceneDelegate.h; sourceTree = "<group>"; };
		D699E4B22C3CF5EB000CDC75 /* SceneDelegate.m */ = {isa = PBXFileReference; lastKnownFileType = sourcecode.c.objc; path = SceneDelegate.m; sourceTree = "<group>"; };
		D699E4B42C3CF5EB000CDC75 /* ViewController.h */ = {isa = PBXFileReference; lastKnownFileType = sourcecode.c.h; path = ViewController.h; sourceTree = "<group>"; };
		D699E4B52C3CF5EB000CDC75 /* ViewController.m */ = {isa = PBXFileReference; lastKnownFileType = sourcecode.c.objc; path = ViewController.m; sourceTree = "<group>"; };
		D699E4B82C3CF5EB000CDC75 /* Base */ = {isa = PBXFileReference; lastKnownFileType = file.storyboard; name = Base; path = Base.lproj/Main.storyboard; sourceTree = "<group>"; };
		D699E4BA2C3CF5EC000CDC75 /* Assets.xcassets */ = {isa = PBXFileReference; lastKnownFileType = folder.assetcatalog; path = Assets.xcassets; sourceTree = "<group>"; };
		D699E4BD2C3CF5EC000CDC75 /* Base */ = {isa = PBXFileReference; lastKnownFileType = file.storyboard; name = Base; path = Base.lproj/LaunchScreen.storyboard; sourceTree = "<group>"; };
		D699E4BF2C3CF5EC000CDC75 /* Info.plist */ = {isa = PBXFileReference; lastKnownFileType = text.plist.xml; path = Info.plist; sourceTree = "<group>"; };
		D699E4C02C3CF5EC000CDC75 /* main.m */ = {isa = PBXFileReference; lastKnownFileType = sourcecode.c.objc; path = main.m; sourceTree = "<group>"; };
		D699E4C62C3CF5EC000CDC75 /* ObjectiveCChessKnightTests.xctest */ = {isa = PBXFileReference; explicitFileType = wrapper.cfbundle; includeInIndex = 0; path = ObjectiveCChessKnightTests.xctest; sourceTree = BUILT_PRODUCTS_DIR; };
		D699E4CA2C3CF5EC000CDC75 /* ObjectiveCChessKnightTests.m */ = {isa = PBXFileReference; lastKnownFileType = sourcecode.c.objc; path = ObjectiveCChessKnightTests.m; sourceTree = "<group>"; };
		D699E4D02C3CF5EC000CDC75 /* ObjectiveCChessKnightUITests.xctest */ = {isa = PBXFileReference; explicitFileType = wrapper.cfbundle; includeInIndex = 0; path = ObjectiveCChessKnightUITests.xctest; sourceTree = BUILT_PRODUCTS_DIR; };
		D699E4D42C3CF5ED000CDC75 /* ObjectiveCChessKnightUITests.m */ = {isa = PBXFileReference; lastKnownFileType = sourcecode.c.objc; path = ObjectiveCChessKnightUITests.m; sourceTree = "<group>"; };
		D699E4D62C3CF5ED000CDC75 /* ObjectiveCChessKnightUITestsLaunchTests.m */ = {isa = PBXFileReference; lastKnownFileType = sourcecode.c.objc; path = ObjectiveCChessKnightUITestsLaunchTests.m; sourceTree = "<group>"; };
		D699E4E42C3CF609000CDC75 /* Stack.h */ = {isa = PBXFileReference; lastKnownFileType = sourcecode.c.h; path = Stack.h; sourceTree = "<group>"; };
		D699E4E52C3CF609000CDC75 /* Stack.m */ = {isa = PBXFileReference; lastKnownFileType = sourcecode.c.objc; path = Stack.m; sourceTree = "<group>"; };
		D699E4E82C3CF65B000CDC75 /* ExtraCell.h */ = {isa = PBXFileReference; lastKnownFileType = sourcecode.c.h; path = ExtraCell.h; sourceTree = "<group>"; };
		D699E4E92C3CF65B000CDC75 /* ExtraCell.m */ = {isa = PBXFileReference; lastKnownFileType = sourcecode.c.objc; path = ExtraCell.m; sourceTree = "<group>"; };
		D699E4EB2C3CF6BC000CDC75 /* ChessCell.h */ = {isa = PBXFileReference; lastKnownFileType = sourcecode.c.h; path = ChessCell.h; sourceTree = "<group>"; };
		D699E4EC2C3CF6BC000CDC75 /* ChessCell.m */ = {isa = PBXFileReference; lastKnownFileType = sourcecode.c.objc; path = ChessCell.m; sourceTree = "<group>"; };
		D699E4EE2C3CF73A000CDC75 /* PathChess.h */ = {isa = PBXFileReference; lastKnownFileType = sourcecode.c.h; path = PathChess.h; sourceTree = "<group>"; };
		D699E4EF2C3CF73A000CDC75 /* PathChess.m */ = {isa = PBXFileReference; lastKnownFileType = sourcecode.c.objc; path = PathChess.m; sourceTree = "<group>"; };
		D699E4F12C3CF7B2000CDC75 /* Coordinate.h */ = {isa = PBXFileReference; lastKnownFileType = sourcecode.c.h; path = Coordinate.h; sourceTree = "<group>"; };
		D699E4F22C3CF7B2000CDC75 /* Coordinate.m */ = {isa = PBXFileReference; lastKnownFileType = sourcecode.c.objc; path = Coordinate.m; sourceTree = "<group>"; };
		D699E4F42C3CF803000CDC75 /* Knight.h */ = {isa = PBXFileReference; lastKnownFileType = sourcecode.c.h; path = Knight.h; sourceTree = "<group>"; };
		D699E4F52C3CF803000CDC75 /* Knight.m */ = {isa = PBXFileReference; lastKnownFileType = sourcecode.c.objc; path = Knight.m; sourceTree = "<group>"; };
		D699E4F72C3CFAAA000CDC75 /* Game.h */ = {isa = PBXFileReference; lastKnownFileType = sourcecode.c.h; path = Game.h; sourceTree = "<group>"; };
		D699E4F82C3CFAAA000CDC75 /* Game.m */ = {isa = PBXFileReference; lastKnownFileType = sourcecode.c.objc; path = Game.m; sourceTree = "<group>"; };
		D699E4FA2C3CFB0E000CDC75 /* Engine.h */ = {isa = PBXFileReference; lastKnownFileType = sourcecode.c.h; path = Engine.h; sourceTree = "<group>"; };
		D699E4FB2C3CFB0E000CDC75 /* Engine.m */ = {isa = PBXFileReference; lastKnownFileType = sourcecode.c.objc; path = Engine.m; sourceTree = "<group>"; };
		D699E5012C3D02F5000CDC75 /* Chessboard.h */ = {isa = PBXFileReference; lastKnownFileType = sourcecode.c.h; path = Chessboard.h; sourceTree = "<group>"; };
		D699E5022C3D02F5000CDC75 /* Chessboard.m */ = {isa = PBXFileReference; lastKnownFileType = sourcecode.c.objc; path = Chessboard.m; sourceTree = "<group>"; };
/* End PBXFileReference section */

/* Begin PBXFrameworksBuildPhase section */
		D699E4A82C3CF5EB000CDC75 /* Frameworks */ = {
			isa = PBXFrameworksBuildPhase;
			buildActionMask = 2147483647;
			files = (
			);
			runOnlyForDeploymentPostprocessing = 0;
		};
		D699E4C32C3CF5EC000CDC75 /* Frameworks */ = {
			isa = PBXFrameworksBuildPhase;
			buildActionMask = 2147483647;
			files = (
			);
			runOnlyForDeploymentPostprocessing = 0;
		};
		D699E4CD2C3CF5EC000CDC75 /* Frameworks */ = {
			isa = PBXFrameworksBuildPhase;
			buildActionMask = 2147483647;
			files = (
			);
			runOnlyForDeploymentPostprocessing = 0;
		};
/* End PBXFrameworksBuildPhase section */

/* Begin PBXGroup section */
		D693436A2C3D474600C5A07A /* viewcontroller */ = {
			isa = PBXGroup;
			children = (
				D699E4B52C3CF5EB000CDC75 /* ViewController.m */,
				D699E4B42C3CF5EB000CDC75 /* ViewController.h */,
			);
			path = viewcontroller;
			sourceTree = "<group>";
		};
		D699E4A22C3CF5EB000CDC75 = {
			isa = PBXGroup;
			children = (
				D699E4AD2C3CF5EB000CDC75 /* ObjectiveCChessKnight */,
				D699E4C92C3CF5EC000CDC75 /* ObjectiveCChessKnightTests */,
				D699E4D32C3CF5EC000CDC75 /* ObjectiveCChessKnightUITests */,
				D699E4AC2C3CF5EB000CDC75 /* Products */,
			);
			sourceTree = "<group>";
		};
		D699E4AC2C3CF5EB000CDC75 /* Products */ = {
			isa = PBXGroup;
			children = (
				D699E4AB2C3CF5EB000CDC75 /* ObjectiveCChessKnight.app */,
				D699E4C62C3CF5EC000CDC75 /* ObjectiveCChessKnightTests.xctest */,
				D699E4D02C3CF5EC000CDC75 /* ObjectiveCChessKnightUITests.xctest */,
			);
			name = Products;
			sourceTree = "<group>";
		};
		D699E4AD2C3CF5EB000CDC75 /* ObjectiveCChessKnight */ = {
			isa = PBXGroup;
			children = (
				D693436A2C3D474600C5A07A /* viewcontroller */,
				D699E4FD2C3D028B000CDC75 /* view */,
				D699E4E72C3CF649000CDC75 /* model */,
				D699E4E32C3CF5F7000CDC75 /* structure */,
				D699E4AE2C3CF5EB000CDC75 /* AppDelegate.h */,
				D699E4AF2C3CF5EB000CDC75 /* AppDelegate.m */,
				D699E4B12C3CF5EB000CDC75 /* SceneDelegate.h */,
				D699E4B22C3CF5EB000CDC75 /* SceneDelegate.m */,
				D699E4B72C3CF5EB000CDC75 /* Main.storyboard */,
				D699E4BA2C3CF5EC000CDC75 /* Assets.xcassets */,
				D699E4BC2C3CF5EC000CDC75 /* LaunchScreen.storyboard */,
				D699E4BF2C3CF5EC000CDC75 /* Info.plist */,
				D699E4C02C3CF5EC000CDC75 /* main.m */,
			);
			path = ObjectiveCChessKnight;
			sourceTree = "<group>";
		};
		D699E4C92C3CF5EC000CDC75 /* ObjectiveCChessKnightTests */ = {
			isa = PBXGroup;
			children = (
				D699E4CA2C3CF5EC000CDC75 /* ObjectiveCChessKnightTests.m */,
			);
			path = ObjectiveCChessKnightTests;
			sourceTree = "<group>";
		};
		D699E4D32C3CF5EC000CDC75 /* ObjectiveCChessKnightUITests */ = {
			isa = PBXGroup;
			children = (
				D699E4D42C3CF5ED000CDC75 /* ObjectiveCChessKnightUITests.m */,
				D699E4D62C3CF5ED000CDC75 /* ObjectiveCChessKnightUITestsLaunchTests.m */,
			);
			path = ObjectiveCChessKnightUITests;
			sourceTree = "<group>";
		};
		D699E4E32C3CF5F7000CDC75 /* structure */ = {
			isa = PBXGroup;
			children = (
				D699E4E42C3CF609000CDC75 /* Stack.h */,
				D699E4E52C3CF609000CDC75 /* Stack.m */,
			);
			path = structure;
			sourceTree = "<group>";
		};
		D699E4E72C3CF649000CDC75 /* model */ = {
			isa = PBXGroup;
			children = (
				D699E4E82C3CF65B000CDC75 /* ExtraCell.h */,
				D699E4E92C3CF65B000CDC75 /* ExtraCell.m */,
				D699E4EB2C3CF6BC000CDC75 /* ChessCell.h */,
				D699E4EC2C3CF6BC000CDC75 /* ChessCell.m */,
				D699E4EE2C3CF73A000CDC75 /* PathChess.h */,
				D699E4EF2C3CF73A000CDC75 /* PathChess.m */,
				D699E4F12C3CF7B2000CDC75 /* Coordinate.h */,
				D699E4F22C3CF7B2000CDC75 /* Coordinate.m */,
				D699E4F42C3CF803000CDC75 /* Knight.h */,
				D699E4F52C3CF803000CDC75 /* Knight.m */,
				D699E4F72C3CFAAA000CDC75 /* Game.h */,
				D699E4F82C3CFAAA000CDC75 /* Game.m */,
				D699E4FA2C3CFB0E000CDC75 /* Engine.h */,
				D699E4FB2C3CFB0E000CDC75 /* Engine.m */,
			);
			path = model;
			sourceTree = "<group>";
		};
		D699E4FD2C3D028B000CDC75 /* view */ = {
			isa = PBXGroup;
			children = (
				D699E5012C3D02F5000CDC75 /* Chessboard.h */,
				D699E5022C3D02F5000CDC75 /* Chessboard.m */,
			);
			path = view;
			sourceTree = "<group>";
		};
/* End PBXGroup section */

/* Begin PBXNativeTarget section */
		D699E4AA2C3CF5EB000CDC75 /* ObjectiveCChessKnight */ = {
			isa = PBXNativeTarget;
			buildConfigurationList = D699E4DA2C3CF5ED000CDC75 /* Build configuration list for PBXNativeTarget "ObjectiveCChessKnight" */;
			buildPhases = (
				D699E4A72C3CF5EB000CDC75 /* Sources */,
				D699E4A82C3CF5EB000CDC75 /* Frameworks */,
				D699E4A92C3CF5EB000CDC75 /* Resources */,
			);
			buildRules = (
			);
			dependencies = (
			);
			name = ObjectiveCChessKnight;
			productName = ObjectiveCChessKnight;
			productReference = D699E4AB2C3CF5EB000CDC75 /* ObjectiveCChessKnight.app */;
			productType = "com.apple.product-type.application";
		};
		D699E4C52C3CF5EC000CDC75 /* ObjectiveCChessKnightTests */ = {
			isa = PBXNativeTarget;
			buildConfigurationList = D699E4DD2C3CF5ED000CDC75 /* Build configuration list for PBXNativeTarget "ObjectiveCChessKnightTests" */;
			buildPhases = (
				D699E4C22C3CF5EC000CDC75 /* Sources */,
				D699E4C32C3CF5EC000CDC75 /* Frameworks */,
				D699E4C42C3CF5EC000CDC75 /* Resources */,
			);
			buildRules = (
			);
			dependencies = (
				D699E4C82C3CF5EC000CDC75 /* PBXTargetDependency */,
			);
			name = ObjectiveCChessKnightTests;
			productName = ObjectiveCChessKnightTests;
			productReference = D699E4C62C3CF5EC000CDC75 /* ObjectiveCChessKnightTests.xctest */;
			productType = "com.apple.product-type.bundle.unit-test";
		};
		D699E4CF2C3CF5EC000CDC75 /* ObjectiveCChessKnightUITests */ = {
			isa = PBXNativeTarget;
			buildConfigurationList = D699E4E02C3CF5ED000CDC75 /* Build configuration list for PBXNativeTarget "ObjectiveCChessKnightUITests" */;
			buildPhases = (
				D699E4CC2C3CF5EC000CDC75 /* Sources */,
				D699E4CD2C3CF5EC000CDC75 /* Frameworks */,
				D699E4CE2C3CF5EC000CDC75 /* Resources */,
			);
			buildRules = (
			);
			dependencies = (
				D699E4D22C3CF5EC000CDC75 /* PBXTargetDependency */,
			);
			name = ObjectiveCChessKnightUITests;
			productName = ObjectiveCChessKnightUITests;
			productReference = D699E4D02C3CF5EC000CDC75 /* ObjectiveCChessKnightUITests.xctest */;
			productType = "com.apple.product-type.bundle.ui-testing";
		};
/* End PBXNativeTarget section */

/* Begin PBXProject section */
		D699E4A32C3CF5EB000CDC75 /* Project object */ = {
			isa = PBXProject;
			attributes = {
				BuildIndependentTargetsInParallel = 1;
				LastUpgradeCheck = 1540;
				TargetAttributes = {
					D699E4AA2C3CF5EB000CDC75 = {
						CreatedOnToolsVersion = 15.4;
					};
					D699E4C52C3CF5EC000CDC75 = {
						CreatedOnToolsVersion = 15.4;
						TestTargetID = D699E4AA2C3CF5EB000CDC75;
					};
					D699E4CF2C3CF5EC000CDC75 = {
						CreatedOnToolsVersion = 15.4;
						TestTargetID = D699E4AA2C3CF5EB000CDC75;
					};
				};
			};
			buildConfigurationList = D699E4A62C3CF5EB000CDC75 /* Build configuration list for PBXProject "ObjectiveCChessKnight" */;
			compatibilityVersion = "Xcode 14.0";
			developmentRegion = en;
			hasScannedForEncodings = 0;
			knownRegions = (
				en,
				Base,
			);
			mainGroup = D699E4A22C3CF5EB000CDC75;
			productRefGroup = D699E4AC2C3CF5EB000CDC75 /* Products */;
			projectDirPath = "";
			projectRoot = "";
			targets = (
				D699E4AA2C3CF5EB000CDC75 /* ObjectiveCChessKnight */,
				D699E4C52C3CF5EC000CDC75 /* ObjectiveCChessKnightTests */,
				D699E4CF2C3CF5EC000CDC75 /* ObjectiveCChessKnightUITests */,
			);
		};
/* End PBXProject section */

/* Begin PBXResourcesBuildPhase section */
		D699E4A92C3CF5EB000CDC75 /* Resources */ = {
			isa = PBXResourcesBuildPhase;
			buildActionMask = 2147483647;
			files = (
				D699E4BB2C3CF5EC000CDC75 /* Assets.xcassets in Resources */,
				D699E4BE2C3CF5EC000CDC75 /* Base in Resources */,
				D699E4B92C3CF5EB000CDC75 /* Base in Resources */,
			);
			runOnlyForDeploymentPostprocessing = 0;
		};
		D699E4C42C3CF5EC000CDC75 /* Resources */ = {
			isa = PBXResourcesBuildPhase;
			buildActionMask = 2147483647;
			files = (
			);
			runOnlyForDeploymentPostprocessing = 0;
		};
		D699E4CE2C3CF5EC000CDC75 /* Resources */ = {
			isa = PBXResourcesBuildPhase;
			buildActionMask = 2147483647;
			files = (
			);
			runOnlyForDeploymentPostprocessing = 0;
		};
/* End PBXResourcesBuildPhase section */

/* Begin PBXSourcesBuildPhase section */
		D699E4A72C3CF5EB000CDC75 /* Sources */ = {
			isa = PBXSourcesBuildPhase;
			buildActionMask = 2147483647;
			files = (
				D699E4B62C3CF5EB000CDC75 /* ViewController.m in Sources */,
				D699E4F92C3CFAAA000CDC75 /* Game.m in Sources */,
				D699E4F32C3CF7B2000CDC75 /* Coordinate.m in Sources */,
				D699E4F02C3CF73A000CDC75 /* PathChess.m in Sources */,
				D699E4B02C3CF5EB000CDC75 /* AppDelegate.m in Sources */,
				D699E4FC2C3CFB0E000CDC75 /* Engine.m in Sources */,
				D699E4EA2C3CF65B000CDC75 /* ExtraCell.m in Sources */,
				D699E4ED2C3CF6BC000CDC75 /* ChessCell.m in Sources */,
				D699E4C12C3CF5EC000CDC75 /* main.m in Sources */,
				D699E5032C3D02F5000CDC75 /* Chessboard.m in Sources */,
				D699E4E62C3CF609000CDC75 /* Stack.m in Sources */,
				D699E4F62C3CF803000CDC75 /* Knight.m in Sources */,
				D699E4B32C3CF5EB000CDC75 /* SceneDelegate.m in Sources */,
			);
			runOnlyForDeploymentPostprocessing = 0;
		};
		D699E4C22C3CF5EC000CDC75 /* Sources */ = {
			isa = PBXSourcesBuildPhase;
			buildActionMask = 2147483647;
			files = (
				D699E4CB2C3CF5EC000CDC75 /* ObjectiveCChessKnightTests.m in Sources */,
			);
			runOnlyForDeploymentPostprocessing = 0;
		};
		D699E4CC2C3CF5EC000CDC75 /* Sources */ = {
			isa = PBXSourcesBuildPhase;
			buildActionMask = 2147483647;
			files = (
				D699E4D72C3CF5ED000CDC75 /* ObjectiveCChessKnightUITestsLaunchTests.m in Sources */,
				D699E4D52C3CF5ED000CDC75 /* ObjectiveCChessKnightUITests.m in Sources */,
			);
			runOnlyForDeploymentPostprocessing = 0;
		};
/* End PBXSourcesBuildPhase section */

/* Begin PBXTargetDependency section */
		D699E4C82C3CF5EC000CDC75 /* PBXTargetDependency */ = {
			isa = PBXTargetDependency;
			target = D699E4AA2C3CF5EB000CDC75 /* ObjectiveCChessKnight */;
			targetProxy = D699E4C72C3CF5EC000CDC75 /* PBXContainerItemProxy */;
		};
		D699E4D22C3CF5EC000CDC75 /* PBXTargetDependency */ = {
			isa = PBXTargetDependency;
			target = D699E4AA2C3CF5EB000CDC75 /* ObjectiveCChessKnight */;
			targetProxy = D699E4D12C3CF5EC000CDC75 /* PBXContainerItemProxy */;
		};
/* End PBXTargetDependency section */

/* Begin PBXVariantGroup section */
		D699E4B72C3CF5EB000CDC75 /* Main.storyboard */ = {
			isa = PBXVariantGroup;
			children = (
				D699E4B82C3CF5EB000CDC75 /* Base */,
			);
			name = Main.storyboard;
			sourceTree = "<group>";
		};
		D699E4BC2C3CF5EC000CDC75 /* LaunchScreen.storyboard */ = {
			isa = PBXVariantGroup;
			children = (
				D699E4BD2C3CF5EC000CDC75 /* Base */,
			);
			name = LaunchScreen.storyboard;
			sourceTree = "<group>";
		};
/* End PBXVariantGroup section */

/* Begin XCBuildConfiguration section */
		D699E4D82C3CF5ED000CDC75 /* Debug */ = {
			isa = XCBuildConfiguration;
			buildSettings = {
				ALWAYS_SEARCH_USER_PATHS = NO;
				ASSETCATALOG_COMPILER_GENERATE_SWIFT_ASSET_SYMBOL_EXTENSIONS = YES;
				CLANG_ANALYZER_NONNULL = YES;
				CLANG_ANALYZER_NUMBER_OBJECT_CONVERSION = YES_AGGRESSIVE;
				CLANG_CXX_LANGUAGE_STANDARD = "gnu++20";
				CLANG_ENABLE_MODULES = YES;
				CLANG_ENABLE_OBJC_ARC = YES;
				CLANG_ENABLE_OBJC_WEAK = YES;
				CLANG_WARN_BLOCK_CAPTURE_AUTORELEASING = YES;
				CLANG_WARN_BOOL_CONVERSION = YES;
				CLANG_WARN_COMMA = YES;
				CLANG_WARN_CONSTANT_CONVERSION = YES;
				CLANG_WARN_DEPRECATED_OBJC_IMPLEMENTATIONS = YES;
				CLANG_WARN_DIRECT_OBJC_ISA_USAGE = YES_ERROR;
				CLANG_WARN_DOCUMENTATION_COMMENTS = YES;
				CLANG_WARN_EMPTY_BODY = YES;
				CLANG_WARN_ENUM_CONVERSION = YES;
				CLANG_WARN_INFINITE_RECURSION = YES;
				CLANG_WARN_INT_CONVERSION = YES;
				CLANG_WARN_NON_LITERAL_NULL_CONVERSION = YES;
				CLANG_WARN_OBJC_IMPLICIT_RETAIN_SELF = YES;
				CLANG_WARN_OBJC_LITERAL_CONVERSION = YES;
				CLANG_WARN_OBJC_ROOT_CLASS = YES_ERROR;
				CLANG_WARN_QUOTED_INCLUDE_IN_FRAMEWORK_HEADER = YES;
				CLANG_WARN_RANGE_LOOP_ANALYSIS = YES;
				CLANG_WARN_STRICT_PROTOTYPES = YES;
				CLANG_WARN_SUSPICIOUS_MOVE = YES;
				CLANG_WARN_UNGUARDED_AVAILABILITY = YES_AGGRESSIVE;
				CLANG_WARN_UNREACHABLE_CODE = YES;
				CLANG_WARN__DUPLICATE_METHOD_MATCH = YES;
				COPY_PHASE_STRIP = NO;
				DEBUG_INFORMATION_FORMAT = dwarf;
				ENABLE_STRICT_OBJC_MSGSEND = YES;
				ENABLE_TESTABILITY = YES;
				ENABLE_USER_SCRIPT_SANDBOXING = YES;
				GCC_C_LANGUAGE_STANDARD = gnu17;
				GCC_DYNAMIC_NO_PIC = NO;
				GCC_NO_COMMON_BLOCKS = YES;
				GCC_OPTIMIZATION_LEVEL = 0;
				GCC_PREPROCESSOR_DEFINITIONS = (
					"DEBUG=1",
					"$(inherited)",
				);
				GCC_WARN_64_TO_32_BIT_CONVERSION = YES;
				GCC_WARN_ABOUT_RETURN_TYPE = YES_ERROR;
				GCC_WARN_UNDECLARED_SELECTOR = YES;
				GCC_WARN_UNINITIALIZED_AUTOS = YES_AGGRESSIVE;
				GCC_WARN_UNUSED_FUNCTION = YES;
				GCC_WARN_UNUSED_VARIABLE = YES;
				IPHONEOS_DEPLOYMENT_TARGET = 17.5;
				LOCALIZATION_PREFERS_STRING_CATALOGS = YES;
				MTL_ENABLE_DEBUG_INFO = INCLUDE_SOURCE;
				MTL_FAST_MATH = YES;
				ONLY_ACTIVE_ARCH = YES;
				SDKROOT = iphoneos;
			};
			name = Debug;
		};
		D699E4D92C3CF5ED000CDC75 /* Release */ = {
			isa = XCBuildConfiguration;
			buildSettings = {
				ALWAYS_SEARCH_USER_PATHS = NO;
				ASSETCATALOG_COMPILER_GENERATE_SWIFT_ASSET_SYMBOL_EXTENSIONS = YES;
				CLANG_ANALYZER_NONNULL = YES;
				CLANG_ANALYZER_NUMBER_OBJECT_CONVERSION = YES_AGGRESSIVE;
				CLANG_CXX_LANGUAGE_STANDARD = "gnu++20";
				CLANG_ENABLE_MODULES = YES;
				CLANG_ENABLE_OBJC_ARC = YES;
				CLANG_ENABLE_OBJC_WEAK = YES;
				CLANG_WARN_BLOCK_CAPTURE_AUTORELEASING = YES;
				CLANG_WARN_BOOL_CONVERSION = YES;
				CLANG_WARN_COMMA = YES;
				CLANG_WARN_CONSTANT_CONVERSION = YES;
				CLANG_WARN_DEPRECATED_OBJC_IMPLEMENTATIONS = YES;
				CLANG_WARN_DIRECT_OBJC_ISA_USAGE = YES_ERROR;
				CLANG_WARN_DOCUMENTATION_COMMENTS = YES;
				CLANG_WARN_EMPTY_BODY = YES;
				CLANG_WARN_ENUM_CONVERSION = YES;
				CLANG_WARN_INFINITE_RECURSION = YES;
				CLANG_WARN_INT_CONVERSION = YES;
				CLANG_WARN_NON_LITERAL_NULL_CONVERSION = YES;
				CLANG_WARN_OBJC_IMPLICIT_RETAIN_SELF = YES;
				CLANG_WARN_OBJC_LITERAL_CONVERSION = YES;
				CLANG_WARN_OBJC_ROOT_CLASS = YES_ERROR;
				CLANG_WARN_QUOTED_INCLUDE_IN_FRAMEWORK_HEADER = YES;
				CLANG_WARN_RANGE_LOOP_ANALYSIS = YES;
				CLANG_WARN_STRICT_PROTOTYPES = YES;
				CLANG_WARN_SUSPICIOUS_MOVE = YES;
				CLANG_WARN_UNGUARDED_AVAILABILITY = YES_AGGRESSIVE;
				CLANG_WARN_UNREACHABLE_CODE = YES;
				CLANG_WARN__DUPLICATE_METHOD_MATCH = YES;
				COPY_PHASE_STRIP = NO;
				DEBUG_INFORMATION_FORMAT = "dwarf-with-dsym";
				ENABLE_NS_ASSERTIONS = NO;
				ENABLE_STRICT_OBJC_MSGSEND = YES;
				ENABLE_USER_SCRIPT_SANDBOXING = YES;
				GCC_C_LANGUAGE_STANDARD = gnu17;
				GCC_NO_COMMON_BLOCKS = YES;
				GCC_WARN_64_TO_32_BIT_CONVERSION = YES;
				GCC_WARN_ABOUT_RETURN_TYPE = YES_ERROR;
				GCC_WARN_UNDECLARED_SELECTOR = YES;
				GCC_WARN_UNINITIALIZED_AUTOS = YES_AGGRESSIVE;
				GCC_WARN_UNUSED_FUNCTION = YES;
				GCC_WARN_UNUSED_VARIABLE = YES;
				IPHONEOS_DEPLOYMENT_TARGET = 17.5;
				LOCALIZATION_PREFERS_STRING_CATALOGS = YES;
				MTL_ENABLE_DEBUG_INFO = NO;
				MTL_FAST_MATH = YES;
				SDKROOT = iphoneos;
				VALIDATE_PRODUCT = YES;
			};
			name = Release;
		};
		D699E4DB2C3CF5ED000CDC75 /* Debug */ = {
			isa = XCBuildConfiguration;
			buildSettings = {
				ASSETCATALOG_COMPILER_APPICON_NAME = AppIcon;
				ASSETCATALOG_COMPILER_GLOBAL_ACCENT_COLOR_NAME = AccentColor;
				CODE_SIGN_STYLE = Automatic;
				CURRENT_PROJECT_VERSION = 1;
				DEVELOPMENT_TEAM = K6LJCT8RAA;
				GENERATE_INFOPLIST_FILE = YES;
				INFOPLIST_FILE = ObjectiveCChessKnight/Info.plist;
				INFOPLIST_KEY_UIApplicationSupportsIndirectInputEvents = YES;
				INFOPLIST_KEY_UILaunchStoryboardName = LaunchScreen;
				INFOPLIST_KEY_UIMainStoryboardFile = Main;
				INFOPLIST_KEY_UISupportedInterfaceOrientations_iPad = "UIInterfaceOrientationPortrait UIInterfaceOrientationPortraitUpsideDown UIInterfaceOrientationLandscapeLeft UIInterfaceOrientationLandscapeRight";
				INFOPLIST_KEY_UISupportedInterfaceOrientations_iPhone = "UIInterfaceOrientationPortrait UIInterfaceOrientationLandscapeLeft UIInterfaceOrientationLandscapeRight";
				LD_RUNPATH_SEARCH_PATHS = (
					"$(inherited)",
					"@executable_path/Frameworks",
				);
				MARKETING_VERSION = 1.0;
				PRODUCT_BUNDLE_IDENTIFIER = com.template.ObjectiveCChessKnight;
				PRODUCT_NAME = "$(TARGET_NAME)";
				SWIFT_EMIT_LOC_STRINGS = YES;
				TARGETED_DEVICE_FAMILY = "1,2";
			};
			name = Debug;
		};
		D699E4DC2C3CF5ED000CDC75 /* Release */ = {
			isa = XCBuildConfiguration;
			buildSettings = {
				ASSETCATALOG_COMPILER_APPICON_NAME = AppIcon;
				ASSETCATALOG_COMPILER_GLOBAL_ACCENT_COLOR_NAME = AccentColor;
				CODE_SIGN_STYLE = Automatic;
				CURRENT_PROJECT_VERSION = 1;
				DEVELOPMENT_TEAM = K6LJCT8RAA;
				GENERATE_INFOPLIST_FILE = YES;
				INFOPLIST_FILE = ObjectiveCChessKnight/Info.plist;
				INFOPLIST_KEY_UIApplicationSupportsIndirectInputEvents = YES;
				INFOPLIST_KEY_UILaunchStoryboardName = LaunchScreen;
				INFOPLIST_KEY_UIMainStoryboardFile = Main;
				INFOPLIST_KEY_UISupportedInterfaceOrientations_iPad = "UIInterfaceOrientationPortrait UIInterfaceOrientationPortraitUpsideDown UIInterfaceOrientationLandscapeLeft UIInterfaceOrientationLandscapeRight";
				INFOPLIST_KEY_UISupportedInterfaceOrientations_iPhone = "UIInterfaceOrientationPortrait UIInterfaceOrientationLandscapeLeft UIInterfaceOrientationLandscapeRight";
				LD_RUNPATH_SEARCH_PATHS = (
					"$(inherited)",
					"@executable_path/Frameworks",
				);
				MARKETING_VERSION = 1.0;
				PRODUCT_BUNDLE_IDENTIFIER = com.template.ObjectiveCChessKnight;
				PRODUCT_NAME = "$(TARGET_NAME)";
				SWIFT_EMIT_LOC_STRINGS = YES;
				TARGETED_DEVICE_FAMILY = "1,2";
			};
			name = Release;
		};
		D699E4DE2C3CF5ED000CDC75 /* Debug */ = {
			isa = XCBuildConfiguration;
			buildSettings = {
				BUNDLE_LOADER = "$(TEST_HOST)";
				CODE_SIGN_STYLE = Automatic;
				CURRENT_PROJECT_VERSION = 1;
				DEVELOPMENT_TEAM = K6LJCT8RAA;
				GENERATE_INFOPLIST_FILE = YES;
				IPHONEOS_DEPLOYMENT_TARGET = 17.5;
				MARKETING_VERSION = 1.0;
				PRODUCT_BUNDLE_IDENTIFIER = com.template.ObjectiveCChessKnightTests;
				PRODUCT_NAME = "$(TARGET_NAME)";
				SWIFT_EMIT_LOC_STRINGS = NO;
				TARGETED_DEVICE_FAMILY = "1,2";
				TEST_HOST = "$(BUILT_PRODUCTS_DIR)/ObjectiveCChessKnight.app/$(BUNDLE_EXECUTABLE_FOLDER_PATH)/ObjectiveCChessKnight";
			};
			name = Debug;
		};
		D699E4DF2C3CF5ED000CDC75 /* Release */ = {
			isa = XCBuildConfiguration;
			buildSettings = {
				BUNDLE_LOADER = "$(TEST_HOST)";
				CODE_SIGN_STYLE = Automatic;
				CURRENT_PROJECT_VERSION = 1;
				DEVELOPMENT_TEAM = K6LJCT8RAA;
				GENERATE_INFOPLIST_FILE = YES;
				IPHONEOS_DEPLOYMENT_TARGET = 17.5;
				MARKETING_VERSION = 1.0;
				PRODUCT_BUNDLE_IDENTIFIER = com.template.ObjectiveCChessKnightTests;
				PRODUCT_NAME = "$(TARGET_NAME)";
				SWIFT_EMIT_LOC_STRINGS = NO;
				TARGETED_DEVICE_FAMILY = "1,2";
				TEST_HOST = "$(BUILT_PRODUCTS_DIR)/ObjectiveCChessKnight.app/$(BUNDLE_EXECUTABLE_FOLDER_PATH)/ObjectiveCChessKnight";
			};
			name = Release;
		};
		D699E4E12C3CF5ED000CDC75 /* Debug */ = {
			isa = XCBuildConfiguration;
			buildSettings = {
				CODE_SIGN_STYLE = Automatic;
				CURRENT_PROJECT_VERSION = 1;
				DEVELOPMENT_TEAM = K6LJCT8RAA;
				GENERATE_INFOPLIST_FILE = YES;
				MARKETING_VERSION = 1.0;
				PRODUCT_BUNDLE_IDENTIFIER = com.template.ObjectiveCChessKnightUITests;
				PRODUCT_NAME = "$(TARGET_NAME)";
				SWIFT_EMIT_LOC_STRINGS = NO;
				TARGETED_DEVICE_FAMILY = "1,2";
				TEST_TARGET_NAME = ObjectiveCChessKnight;
			};
			name = Debug;
		};
		D699E4E22C3CF5ED000CDC75 /* Release */ = {
			isa = XCBuildConfiguration;
			buildSettings = {
				CODE_SIGN_STYLE = Automatic;
				CURRENT_PROJECT_VERSION = 1;
				DEVELOPMENT_TEAM = K6LJCT8RAA;
				GENERATE_INFOPLIST_FILE = YES;
				MARKETING_VERSION = 1.0;
				PRODUCT_BUNDLE_IDENTIFIER = com.template.ObjectiveCChessKnightUITests;
				PRODUCT_NAME = "$(TARGET_NAME)";
				SWIFT_EMIT_LOC_STRINGS = NO;
				TARGETED_DEVICE_FAMILY = "1,2";
				TEST_TARGET_NAME = ObjectiveCChessKnight;
			};
			name = Release;
		};
/* End XCBuildConfiguration section */

/* Begin XCConfigurationList section */
		D699E4A62C3CF5EB000CDC75 /* Build configuration list for PBXProject "ObjectiveCChessKnight" */ = {
			isa = XCConfigurationList;
			buildConfigurations = (
				D699E4D82C3CF5ED000CDC75 /* Debug */,
				D699E4D92C3CF5ED000CDC75 /* Release */,
			);
			defaultConfigurationIsVisible = 0;
			defaultConfigurationName = Release;
		};
		D699E4DA2C3CF5ED000CDC75 /* Build configuration list for PBXNativeTarget "ObjectiveCChessKnight" */ = {
			isa = XCConfigurationList;
			buildConfigurations = (
				D699E4DB2C3CF5ED000CDC75 /* Debug */,
				D699E4DC2C3CF5ED000CDC75 /* Release */,
			);
			defaultConfigurationIsVisible = 0;
			defaultConfigurationName = Release;
		};
		D699E4DD2C3CF5ED000CDC75 /* Build configuration list for PBXNativeTarget "ObjectiveCChessKnightTests" */ = {
			isa = XCConfigurationList;
			buildConfigurations = (
				D699E4DE2C3CF5ED000CDC75 /* Debug */,
				D699E4DF2C3CF5ED000CDC75 /* Release */,
			);
			defaultConfigurationIsVisible = 0;
			defaultConfigurationName = Release;
		};
		D699E4E02C3CF5ED000CDC75 /* Build configuration list for PBXNativeTarget "ObjectiveCChessKnightUITests" */ = {
			isa = XCConfigurationList;
			buildConfigurations = (
				D699E4E12C3CF5ED000CDC75 /* Debug */,
				D699E4E22C3CF5ED000CDC75 /* Release */,
			);
			defaultConfigurationIsVisible = 0;
			defaultConfigurationName = Release;
		};
/* End XCConfigurationList section */
	};
	rootObject = D699E4A32C3CF5EB000CDC75 /* Project object */;
}
